
Microsoft Visual Studio Solution File, Format Version 12.00
# Visual Studio Version 16
VisualStudioVersion = 16.0.30804.86
MinimumVisualStudioVersion = 10.0.40219.1
Project("{9A19103F-16F7-4668-BE54-9A1E7A4F7556}") = "TestTaskCL", "TestTaskCL\TestTaskCL.csproj", "{6099D358-DF1E-41D0-A200-C6D8A3113D61}"
EndProject
Project("{9A19103F-16F7-4668-BE54-9A1E7A4F7556}") = "TestTaskCLConsoleApp", "TestTaskCLConsoleApp\TestTaskCLConsoleApp.csproj", "{2859B108-FA2C-4360-9F14-9178AF3F12F4}"
EndProject
Project("{FAE04EC0-301F-11D3-BF4B-00C04F79EFBC}") = "NUnitTestTaskCLTests", "NUnitTestTaskCLTests\NUnitTestTaskCLTests.csproj", "{2855532E-AAB8-4E44-BB88-82CA4A55BEE8}"
EndProject
Global
	GlobalSection(SolutionConfigurationPlatforms) = preSolution
		Debug|Any CPU = Debug|Any CPU
		Release|Any CPU = Release|Any CPU
	EndGlobalSection
	GlobalSection(ProjectConfigurationPlatforms) = postSolution
		{6099D358-DF1E-41D0-A200-C6D8A3113D61}.Debug|Any CPU.ActiveCfg = Debug|Any CPU
		{6099D358-DF1E-41D0-A200-C6D8A3113D61}.Debug|Any CPU.Build.0 = Debug|Any CPU
		{6099D358-DF1E-41D0-A200-C6D8A3113D61}.Release|Any CPU.ActiveCfg = Release|Any CPU
		{6099D358-DF1E-41D0-A200-C6D8A3113D61}.Release|Any CPU.Build.0 = Release|Any CPU
		{2859B108-FA2C-4360-9F14-9178AF3F12F4}.Debug|Any CPU.ActiveCfg = Debug|Any CPU
		{2859B108-FA2C-4360-9F14-9178AF3F12F4}.Debug|Any CPU.Build.0 = Debug|Any CPU
		{2859B108-FA2C-4360-9F14-9178AF3F12F4}.Release|Any CPU.ActiveCfg = Release|Any CPU
		{2859B108-FA2C-4360-9F14-9178AF3F12F4}.Release|Any CPU.Build.0 = Release|Any CPU
		{2855532E-AAB8-4E44-BB88-82CA4A55BEE8}.Debug|Any CPU.ActiveCfg = Debug|Any CPU
		{2855532E-AAB8-4E44-BB88-82CA4A55BEE8}.Debug|Any CPU.Build.0 = Debug|Any CPU
		{2855532E-AAB8-4E44-BB88-82CA4A55BEE8}.Release|Any CPU.ActiveCfg = Release|Any CPU
		{2855532E-AAB8-4E44-BB88-82CA4A55BEE8}.Release|Any CPU.Build.0 = Release|Any CPU
	EndGlobalSection
	GlobalSection(SolutionProperties) = preSolution
		HideSolutionNode = FALSE
	EndGlobalSection
	GlobalSection(ExtensibilityGlobals) = postSolution
		SolutionGuid = {79C6D8AF-396C-4064-9333-A8FA1D9AD0F9}
	EndGlobalSection
EndGlobal
